
Microsoft Visual Studio Solution File, Format Version 12.00
# Visual Studio Version 17
VisualStudioVersion = 17.9.34723.18
MinimumVisualStudioVersion = 10.0.40219.1
Project("{9A19103F-16F7-4668-BE54-9A1E7A4F7556}") = "CSharpTddWorkshop", "CSharpTddWorkshop.csproj", "{1B683898-38C4-40E3-B449-E62AB0F3227E}"
EndProject
Global
	GlobalSection(SolutionConfigurationPlatforms) = preSolution
		Debug|Any CPU = Debug|Any CPU
		Release|Any CPU = Release|Any CPU
	EndGlobalSection
	GlobalSection(ProjectConfigurationPlatforms) = postSolution
		{1B683898-38C4-40E3-B449-E62AB0F3227E}.Debug|Any CPU.ActiveCfg = Debug|Any CPU
		{1B683898-38C4-40E3-B449-E62AB0F3227E}.Debug|Any CPU.Build.0 = Debug|Any CPU
		{1B683898-38C4-40E3-B449-E62AB0F3227E}.Release|Any CPU.ActiveCfg = Release|Any CPU
		{1B683898-38C4-40E3-B449-E62AB0F3227E}.Release|Any CPU.Build.0 = Release|Any CPU
	EndGlobalSection
	GlobalSection(SolutionProperties) = preSolution
		HideSolutionNode = FALSE
	EndGlobalSection
	GlobalSection(ExtensibilityGlobals) = postSolution
		SolutionGuid = {583AE56C-2690-4D40-8D4D-76CADFE20F97}
	EndGlobalSection
EndGlobal
